Microsoft Visual Studio Solution File, Format Version 11.00
# Visual Studio 2008

Project("{12D4F8BD-D646-31E5-A649-801077FA1A07}") = "Sperm Shooter", "Assembly-CSharp.csproj", "{AC275200-4A89-9799-9BD8-56DACAE8FA0D}"
EndProject
Project("{12D4F8BD-D646-31E5-A649-801077FA1A07}") = "Sperm Shooter", "Assembly-UnityScript.unityproj", "{B2FE55D0-2D8D-6C34-D48B-DAE6FB44D520}"
EndProject
Global
	GlobalSection(SolutionConfigurationPlatforms) = preSolution
		Debug|Any CPU = Debug|Any CPU
		Release|Any CPU = Release|Any CPU
	EndGlobalSection
	GlobalSection(ProjectConfigurationPlatforms) = postSolution
		{AC275200-4A89-9799-9BD8-56DACAE8FA0D}.Debug|Any CPU.ActiveCfg = Debug|Any CPU
		{AC275200-4A89-9799-9BD8-56DACAE8FA0D}.Debug|Any CPU.Build.0 = Debug|Any CPU
		{AC275200-4A89-9799-9BD8-56DACAE8FA0D}.Release|Any CPU.ActiveCfg = Release|Any CPU
		{AC275200-4A89-9799-9BD8-56DACAE8FA0D}.Release|Any CPU.Build.0 = Release|Any CPU
		{B2FE55D0-2D8D-6C34-D48B-DAE6FB44D520}.Debug|Any CPU.ActiveCfg = Debug|Any CPU
		{B2FE55D0-2D8D-6C34-D48B-DAE6FB44D520}.Debug|Any CPU.Build.0 = Debug|Any CPU
		{B2FE55D0-2D8D-6C34-D48B-DAE6FB44D520}.Release|Any CPU.ActiveCfg = Release|Any CPU
		{B2FE55D0-2D8D-6C34-D48B-DAE6FB44D520}.Release|Any CPU.Build.0 = Release|Any CPU
	EndGlobalSection
	GlobalSection(SolutionProperties) = preSolution
		HideSolutionNode = FALSE
	EndGlobalSection
	GlobalSection(MonoDevelopProperties) = preSolution
		StartupItem = Assembly-CSharp.csproj
	EndGlobalSection
EndGlobal
